
Microsoft Visual Studio Solution File, Format Version 12.00
# Visual Studio Version 17
VisualStudioVersion = 17.10.34928.147
MinimumVisualStudioVersion = 10.0.40219.1
Project("{FAE04EC0-301F-11D3-BF4B-00C04F79EFBC}") = "RPS-Game", "RPS-Game\RPS-Game.csproj", "{ED73B4BC-A7DC-437E-9844-8CD13D6CAB96}"
EndProject
Project("{FAE04EC0-301F-11D3-BF4B-00C04F79EFBC}") = "RPS_GameTests", "RPS_GameTests\RPS_GameTests.csproj", "{3F3D0E99-C867-46A0-B510-7FD3335DB4CC}"
EndProject
Global
	GlobalSection(SolutionConfigurationPlatforms) = preSolution
		Debug|Any CPU = Debug|Any CPU
		Release|Any CPU = Release|Any CPU
	EndGlobalSection
	GlobalSection(ProjectConfigurationPlatforms) = postSolution
		{ED73B4BC-A7DC-437E-9844-8CD13D6CAB96}.Debug|Any CPU.ActiveCfg = Debug|Any CPU
		{ED73B4BC-A7DC-437E-9844-8CD13D6CAB96}.Debug|Any CPU.Build.0 = Debug|Any CPU
		{ED73B4BC-A7DC-437E-9844-8CD13D6CAB96}.Release|Any CPU.ActiveCfg = Release|Any CPU
		{ED73B4BC-A7DC-437E-9844-8CD13D6CAB96}.Release|Any CPU.Build.0 = Release|Any CPU
		{3F3D0E99-C867-46A0-B510-7FD3335DB4CC}.Debug|Any CPU.ActiveCfg = Debug|Any CPU
		{3F3D0E99-C867-46A0-B510-7FD3335DB4CC}.Debug|Any CPU.Build.0 = Debug|Any CPU
		{3F3D0E99-C867-46A0-B510-7FD3335DB4CC}.Release|Any CPU.ActiveCfg = Release|Any CPU
		{3F3D0E99-C867-46A0-B510-7FD3335DB4CC}.Release|Any CPU.Build.0 = Release|Any CPU
	EndGlobalSection
	GlobalSection(SolutionProperties) = preSolution
		HideSolutionNode = FALSE
	EndGlobalSection
	GlobalSection(ExtensibilityGlobals) = postSolution
		SolutionGuid = {709285E2-9CF9-4665-9049-B106003CBA76}
	EndGlobalSection
EndGlobal
